
Microsoft Visual Studio Solution File, Format Version 12.00
Project("{FAE04EC0-301F-11D3-BF4B-00C04F79EFBC}") = "SerbleNotes.Backend", "SerbleNotes.Backend\SerbleNotes.Backend.csproj", "{8E3A2BD9-B566-4611-B57D-9C0F2C175FD0}"
EndProject
Project("{FAE04EC0-301F-11D3-BF4B-00C04F79EFBC}") = "SerbleNotes.Backend.Tests", "SerbleNotes.Backend.Tests\SerbleNotes.Backend.Tests.csproj", "{4113F128-C77B-4707-A00D-1B5055C5B131}"
EndProject
Global
	GlobalSection(SolutionConfigurationPlatforms) = preSolution
		Debug|Any CPU = Debug|Any CPU
		Debug|x64 = Debug|x64
		Debug|x86 = Debug|x86
		Release|Any CPU = Release|Any CPU
		Release|x64 = Release|x64
		Release|x86 = Release|x86
	EndGlobalSection
	GlobalSection(ProjectConfigurationPlatforms) = postSolution
		{8E3A2BD9-B566-4611-B57D-9C0F2C175FD0}.Debug|Any CPU.ActiveCfg = Debug|Any CPU
		{8E3A2BD9-B566-4611-B57D-9C0F2C175FD0}.Debug|Any CPU.Build.0 = Debug|Any CPU
		{8E3A2BD9-B566-4611-B57D-9C0F2C175FD0}.Debug|x64.ActiveCfg = Debug|Any CPU
		{8E3A2BD9-B566-4611-B57D-9C0F2C175FD0}.Debug|x64.Build.0 = Debug|Any CPU
		{8E3A2BD9-B566-4611-B57D-9C0F2C175FD0}.Debug|x86.ActiveCfg = Debug|Any CPU
		{8E3A2BD9-B566-4611-B57D-9C0F2C175FD0}.Debug|x86.Build.0 = Debug|Any CPU
		{8E3A2BD9-B566-4611-B57D-9C0F2C175FD0}.Release|Any CPU.ActiveCfg = Release|Any CPU
		{8E3A2BD9-B566-4611-B57D-9C0F2C175FD0}.Release|Any CPU.Build.0 = Release|Any CPU
		{8E3A2BD9-B566-4611-B57D-9C0F2C175FD0}.Release|x64.ActiveCfg = Release|Any CPU
		{8E3A2BD9-B566-4611-B57D-9C0F2C175FD0}.Release|x64.Build.0 = Release|Any CPU
		{8E3A2BD9-B566-4611-B57D-9C0F2C175FD0}.Release|x86.ActiveCfg = Release|Any CPU
		{8E3A2BD9-B566-4611-B57D-9C0F2C175FD0}.Release|x86.Build.0 = Release|Any CPU
		{4113F128-C77B-4707-A00D-1B5055C5B131}.Debug|Any CPU.ActiveCfg = Debug|Any CPU
		{4113F128-C77B-4707-A00D-1B5055C5B131}.Debug|Any CPU.Build.0 = Debug|Any CPU
		{4113F128-C77B-4707-A00D-1B5055C5B131}.Debug|x64.ActiveCfg = Debug|Any CPU
		{4113F128-C77B-4707-A00D-1B5055C5B131}.Debug|x64.Build.0 = Debug|Any CPU
		{4113F128-C77B-4707-A00D-1B5055C5B131}.Debug|x86.ActiveCfg = Debug|Any CPU
		{4113F128-C77B-4707-A00D-1B5055C5B131}.Debug|x86.Build.0 = Debug|Any CPU
		{4113F128-C77B-4707-A00D-1B5055C5B131}.Release|Any CPU.ActiveCfg = Release|Any CPU
		{4113F128-C77B-4707-A00D-1B5055C5B131}.Release|Any CPU.Build.0 = Release|Any CPU
		{4113F128-C77B-4707-A00D-1B5055C5B131}.Release|x64.ActiveCfg = Release|Any CPU
		{4113F128-C77B-4707-A00D-1B5055C5B131}.Release|x64.Build.0 = Release|Any CPU
		{4113F128-C77B-4707-A00D-1B5055C5B131}.Release|x86.ActiveCfg = Release|Any CPU
		{4113F128-C77B-4707-A00D-1B5055C5B131}.Release|x86.Build.0 = Release|Any CPU
	EndGlobalSection
	GlobalSection(SolutionProperties) = preSolution
		HideSolutionNode = FALSE
	EndGlobalSection
EndGlobal
